
Microsoft Visual Studio Solution File, Format Version 12.00
# Visual Studio Version 16
VisualStudioVersion = 16.0.31605.320
MinimumVisualStudioVersion = 10.0.40219.1
Project("{FAE04EC0-301F-11D3-BF4B-00C04F79EFBC}") = "Test", "Test\Test.csproj", "{095A22A6-AF09-4B97-9E8F-DBD37280D3B5}"
EndProject
Global
	GlobalSection(SolutionConfigurationPlatforms) = preSolution
		Debug|Any CPU = Debug|Any CPU
		Release|Any CPU = Release|Any CPU
	EndGlobalSection
	GlobalSection(ProjectConfigurationPlatforms) = postSolution
		{095A22A6-AF09-4B97-9E8F-DBD37280D3B5}.Debug|Any CPU.ActiveCfg = Debug|Any CPU
		{095A22A6-AF09-4B97-9E8F-DBD37280D3B5}.Debug|Any CPU.Build.0 = Debug|Any CPU
		{095A22A6-AF09-4B97-9E8F-DBD37280D3B5}.Release|Any CPU.ActiveCfg = Release|Any CPU
		{095A22A6-AF09-4B97-9E8F-DBD37280D3B5}.Release|Any CPU.Build.0 = Release|Any CPU
	EndGlobalSection
	GlobalSection(SolutionProperties) = preSolution
		HideSolutionNode = FALSE
	EndGlobalSection
	GlobalSection(ExtensibilityGlobals) = postSolution
		SolutionGuid = {27A46D73-D652-43CA-884A-5E6B00BF8C77}
	EndGlobalSection
EndGlobal
